// !$*UTF8*$!
{
	archiveVersion = 1;
	classes = {
	};
	objectVersion = 56;
	objects = {

/* Begin PBXBuildFile section */
		3F0C49442BDFD6D40077FD8E /* ProfileViewController.swift in Sources */ = {isa = PBXBuildFile; fileRef = 3F0C49432BDFD6D40077FD8E /* ProfileViewController.swift */; };
		3F0C49462BE0BEF40077FD8E /* strecth.gif in Resources */ = {isa = PBXBuildFile; fileRef = 3F0C49452BE0BEF40077FD8E /* strecth.gif */; };
		3F0C49482BE0C0800077FD8E /* Exercise_8_ViewController.swift in Sources */ = {isa = PBXBuildFile; fileRef = 3F0C49472BE0C07F0077FD8E /* Exercise_8_ViewController.swift */; };
		3F16E25C2BDB60830068A603 /* HomeViewController.swift in Sources */ = {isa = PBXBuildFile; fileRef = 3F16E25B2BDB60830068A603 /* HomeViewController.swift */; };
		3F4D5C102BDA0E7200C24681 /* ThirdViewController.swift in Sources */ = {isa = PBXBuildFile; fileRef = 3F4D5C0F2BDA0E7200C24681 /* ThirdViewController.swift */; };
		3F4D5C122BDA1E6D00C24681 /* Plan_S_ViewController.swift in Sources */ = {isa = PBXBuildFile; fileRef = 3F4D5C112BDA1E6D00C24681 /* Plan_S_ViewController.swift */; };
		3F567CBB2BD9018F009F1216 /* SecondViewController.swift in Sources */ = {isa = PBXBuildFile; fileRef = 3F567CBA2BD9018F009F1216 /* SecondViewController.swift */; };
		3FA9A4922BE20C6B00680C3D /* ContentView.swift in Sources */ = {isa = PBXBuildFile; fileRef = 3FA9A4912BE20C6B00680C3D /* ContentView.swift */; };
		3FA9A4942BE2124800680C3D /* FitnessVC.swift in Sources */ = {isa = PBXBuildFile; fileRef = 3FA9A4932BE2124800680C3D /* FitnessVC.swift */; };
		3FB95D852BD8CF2C00A26FD8 /* AppDelegate.swift in Sources */ = {isa = PBXBuildFile; fileRef = 3FB95D842BD8CF2C00A26FD8 /* AppDelegate.swift */; };
		3FB95D872BD8CF2C00A26FD8 /* SceneDelegate.swift in Sources */ = {isa = PBXBuildFile; fileRef = 3FB95D862BD8CF2C00A26FD8 /* SceneDelegate.swift */; };
		3FB95D892BD8CF2C00A26FD8 /* ViewController.swift in Sources */ = {isa = PBXBuildFile; fileRef = 3FB95D882BD8CF2C00A26FD8 /* ViewController.swift */; };
		3FB95D8C2BD8CF2C00A26FD8 /* Base in Resources */ = {isa = PBXBuildFile; fileRef = 3FB95D8B2BD8CF2C00A26FD8 /* Base */; };
		3FB95D8E2BD8CF2D00A26FD8 /* Assets.xcassets in Resources */ = {isa = PBXBuildFile; fileRef = 3FB95D8D2BD8CF2D00A26FD8 /* Assets.xcassets */; };
		3FB95D912BD8CF2D00A26FD8 /* Base in Resources */ = {isa = PBXBuildFile; fileRef = 3FB95D902BD8CF2D00A26FD8 /* Base */; };
		3FBE62E62BDA551700A905C8 /* EzyFitnessDataModel.swift in Sources */ = {isa = PBXBuildFile; fileRef = 3FBE62E52BDA551700A905C8 /* EzyFitnessDataModel.swift */; };
		3FBE62E82BDA950900A905C8 /* Plan_Space_ViewController.swift in Sources */ = {isa = PBXBuildFile; fileRef = 3FBE62E72BDA950900A905C8 /* Plan_Space_ViewController.swift */; };
		3FBE62EA2BDA9A8500A905C8 /* Activity_H_ViewController.swift in Sources */ = {isa = PBXBuildFile; fileRef = 3FBE62E92BDA9A8500A905C8 /* Activity_H_ViewController.swift */; };
		3FD0AF212BDF696900675235 /* firstViewController.swift in Sources */ = {isa = PBXBuildFile; fileRef = 3FD0AF202BDF696900675235 /* firstViewController.swift */; };
		3FDF1DCE2BDAB56300CC7A7E /* MorningYoga_ViewController.swift in Sources */ = {isa = PBXBuildFile; fileRef = 3FDF1DCD2BDAB56300CC7A7E /* MorningYoga_ViewController.swift */; };
/* End PBXBuildFile section */

/* Begin PBXFileReference section */
		3F0C49432BDFD6D40077FD8E /* ProfileViewController.swift */ = {isa = PBXFileReference; lastKnownFileType = sourcecode.swift; path = ProfileViewController.swift; sourceTree = "<group>"; };
		3F0C49452BE0BEF40077FD8E /* strecth.gif */ = {isa = PBXFileReference; lastKnownFileType = image.gif; name = strecth.gif; path = ../../../../Downloads/strecth.gif; sourceTree = "<group>"; };
		3F0C49472BE0C07F0077FD8E /* Exercise_8_ViewController.swift */ = {isa = PBXFileReference; lastKnownFileType = sourcecode.swift; path = Exercise_8_ViewController.swift; sourceTree = "<group>"; };
		3F16E25B2BDB60830068A603 /* HomeViewController.swift */ = {isa = PBXFileReference; lastKnownFileType = sourcecode.swift; path = HomeViewController.swift; sourceTree = "<group>"; };
		3F4D5C0F2BDA0E7200C24681 /* ThirdViewController.swift */ = {isa = PBXFileReference; lastKnownFileType = sourcecode.swift; path = ThirdViewController.swift; sourceTree = "<group>"; };
		3F4D5C112BDA1E6D00C24681 /* Plan_S_ViewController.swift */ = {isa = PBXFileReference; lastKnownFileType = sourcecode.swift; path = Plan_S_ViewController.swift; sourceTree = "<group>"; };
		3F567CBA2BD9018F009F1216 /* SecondViewController.swift */ = {isa = PBXFileReference; lastKnownFileType = sourcecode.swift; path = SecondViewController.swift; sourceTree = "<group>"; };
		3FA9A4912BE20C6B00680C3D /* ContentView.swift */ = {isa = PBXFileReference; lastKnownFileType = sourcecode.swift; path = ContentView.swift; sourceTree = "<group>"; };
		3FA9A4932BE2124800680C3D /* FitnessVC.swift */ = {isa = PBXFileReference; lastKnownFileType = sourcecode.swift; path = FitnessVC.swift; sourceTree = "<group>"; };
		3FB95D812BD8CF2C00A26FD8 /* EzyFitness_Decoders.app */ = {isa = PBXFileReference; explicitFileType = wrapper.application; includeInIndex = 0; path = EzyFitness_Decoders.app; sourceTree = BUILT_PRODUCTS_DIR; };
		3FB95D842BD8CF2C00A26FD8 /* AppDelegate.swift */ = {isa = PBXFileReference; lastKnownFileType = sourcecode.swift; path = AppDelegate.swift; sourceTree = "<group>"; };
		3FB95D862BD8CF2C00A26FD8 /* SceneDelegate.swift */ = {isa = PBXFileReference; lastKnownFileType = sourcecode.swift; path = SceneDelegate.swift; sourceTree = "<group>"; };
		3FB95D882BD8CF2C00A26FD8 /* ViewController.swift */ = {isa = PBXFileReference; lastKnownFileType = sourcecode.swift; path = ViewController.swift; sourceTree = "<group>"; };
		3FB95D8B2BD8CF2C00A26FD8 /* Base */ = {isa = PBXFileReference; lastKnownFileType = file.storyboard; name = Base; path = Base.lproj/Main.storyboard; sourceTree = "<group>"; };
		3FB95D8D2BD8CF2D00A26FD8 /* Assets.xcassets */ = {isa = PBXFileReference; lastKnownFileType = folder.assetcatalog; path = Assets.xcassets; sourceTree = "<group>"; };
		3FB95D902BD8CF2D00A26FD8 /* Base */ = {isa = PBXFileReference; lastKnownFileType = file.storyboard; name = Base; path = Base.lproj/LaunchScreen.storyboard; sourceTree = "<group>"; };
		3FB95D922BD8CF2D00A26FD8 /* Info.plist */ = {isa = PBXFileReference; lastKnownFileType = text.plist.xml; path = Info.plist; sourceTree = "<group>"; };
		3FBE62E52BDA551700A905C8 /* EzyFitnessDataModel.swift */ = {isa = PBXFileReference; lastKnownFileType = sourcecode.swift; path = EzyFitnessDataModel.swift; sourceTree = "<group>"; };
		3FBE62E72BDA950900A905C8 /* Plan_Space_ViewController.swift */ = {isa = PBXFileReference; lastKnownFileType = sourcecode.swift; path = Plan_Space_ViewController.swift; sourceTree = "<group>"; };
		3FBE62E92BDA9A8500A905C8 /* Activity_H_ViewController.swift */ = {isa = PBXFileReference; lastKnownFileType = sourcecode.swift; path = Activity_H_ViewController.swift; sourceTree = "<group>"; };
		3FD0AF202BDF696900675235 /* firstViewController.swift */ = {isa = PBXFileReference; lastKnownFileType = sourcecode.swift; path = firstViewController.swift; sourceTree = "<group>"; };
		3FDF1DCD2BDAB56300CC7A7E /* MorningYoga_ViewController.swift */ = {isa = PBXFileReference; lastKnownFileType = sourcecode.swift; path = MorningYoga_ViewController.swift; sourceTree = "<group>"; };
/* End PBXFileReference section */

/* Begin PBXFrameworksBuildPhase section */
		3FB95D7E2BD8CF2C00A26FD8 /* Frameworks */ = {
			isa = PBXFrameworksBuildPhase;
			buildActionMask = 2147483647;
			files = (
			);
			runOnlyForDeploymentPostprocessing = 0;
		};
/* End PBXFrameworksBuildPhase section */

/* Begin PBXGroup section */
		3FB95D782BD8CF2C00A26FD8 = {
			isa = PBXGroup;
			children = (
				3FB95D832BD8CF2C00A26FD8 /* EzyFitness_Decoders */,
				3FB95D822BD8CF2C00A26FD8 /* Products */,
			);
			sourceTree = "<group>";
		};
		3FB95D822BD8CF2C00A26FD8 /* Products */ = {
			isa = PBXGroup;
			children = (
				3FB95D812BD8CF2C00A26FD8 /* EzyFitness_Decoders.app */,
			);
			name = Products;
			sourceTree = "<group>";
		};
		3FB95D832BD8CF2C00A26FD8 /* EzyFitness_Decoders */ = {
			isa = PBXGroup;
			children = (
				3FBE62E42BDA54F600A905C8 /* DataModel */,
				3FB95D842BD8CF2C00A26FD8 /* AppDelegate.swift */,
				3FB95D862BD8CF2C00A26FD8 /* SceneDelegate.swift */,
				3FB95D882BD8CF2C00A26FD8 /* ViewController.swift */,
				3FB95D8A2BD8CF2C00A26FD8 /* Main.storyboard */,
				3FA9A4912BE20C6B00680C3D /* ContentView.swift */,
				3F0C49472BE0C07F0077FD8E /* Exercise_8_ViewController.swift */,
				3F0C49432BDFD6D40077FD8E /* ProfileViewController.swift */,
				3FD0AF202BDF696900675235 /* firstViewController.swift */,
				3F16E25B2BDB60830068A603 /* HomeViewController.swift */,
				3FDF1DCD2BDAB56300CC7A7E /* MorningYoga_ViewController.swift */,
				3FBE62E92BDA9A8500A905C8 /* Activity_H_ViewController.swift */,
				3FBE62E72BDA950900A905C8 /* Plan_Space_ViewController.swift */,
				3F4D5C112BDA1E6D00C24681 /* Plan_S_ViewController.swift */,
				3F4D5C0F2BDA0E7200C24681 /* ThirdViewController.swift */,
				3F567CBA2BD9018F009F1216 /* SecondViewController.swift */,
				3F0C49452BE0BEF40077FD8E /* strecth.gif */,
				3FB95D8D2BD8CF2D00A26FD8 /* Assets.xcassets */,
				3FB95D8F2BD8CF2D00A26FD8 /* LaunchScreen.storyboard */,
				3FB95D922BD8CF2D00A26FD8 /* Info.plist */,
				3FA9A4932BE2124800680C3D /* FitnessVC.swift */,
			);
			path = EzyFitness_Decoders;
			sourceTree = "<group>";
		};
		3FBE62E42BDA54F600A905C8 /* DataModel */ = {
			isa = PBXGroup;
			children = (
				3FBE62E52BDA551700A905C8 /* EzyFitnessDataModel.swift */,
			);
			path = DataModel;
			sourceTree = "<group>";
		};
/* End PBXGroup section */

/* Begin PBXNativeTarget section */
		3FB95D802BD8CF2C00A26FD8 /* EzyFitness_Decoders */ = {
			isa = PBXNativeTarget;
			buildConfigurationList = 3FB95D952BD8CF2D00A26FD8 /* Build configuration list for PBXNativeTarget "EzyFitness_Decoders" */;
			buildPhases = (
				3FB95D7D2BD8CF2C00A26FD8 /* Sources */,
				3FB95D7E2BD8CF2C00A26FD8 /* Frameworks */,
				3FB95D7F2BD8CF2C00A26FD8 /* Resources */,
			);
			buildRules = (
			);
			dependencies = (
			);
			name = EzyFitness_Decoders;
			productName = EzyFitness_Decoders;
			productReference = 3FB95D812BD8CF2C00A26FD8 /* EzyFitness_Decoders.app */;
			productType = "com.apple.product-type.application";
		};
/* End PBXNativeTarget section */

/* Begin PBXProject section */
		3FB95D792BD8CF2C00A26FD8 /* Project object */ = {
			isa = PBXProject;
			attributes = {
				BuildIndependentTargetsInParallel = 1;
				LastSwiftUpdateCheck = 1530;
				LastUpgradeCheck = 1530;
				TargetAttributes = {
					3FB95D802BD8CF2C00A26FD8 = {
						CreatedOnToolsVersion = 15.3;
					};
				};
			};
			buildConfigurationList = 3FB95D7C2BD8CF2C00A26FD8 /* Build configuration list for PBXProject "EzyFitness_Decoders" */;
			compatibilityVersion = "Xcode 14.0";
			developmentRegion = en;
			hasScannedForEncodings = 0;
			knownRegions = (
				en,
				Base,
			);
			mainGroup = 3FB95D782BD8CF2C00A26FD8;
			productRefGroup = 3FB95D822BD8CF2C00A26FD8 /* Products */;
			projectDirPath = "";
			projectRoot = "";
			targets = (
				3FB95D802BD8CF2C00A26FD8 /* EzyFitness_Decoders */,
			);
		};
/* End PBXProject section */

/* Begin PBXResourcesBuildPhase section */
		3FB95D7F2BD8CF2C00A26FD8 /* Resources */ = {
			isa = PBXResourcesBuildPhase;
			buildActionMask = 2147483647;
			files = (
				3F0C49462BE0BEF40077FD8E /* strecth.gif in Resources */,
				3FB95D8E2BD8CF2D00A26FD8 /* Assets.xcassets in Resources */,
				3FB95D912BD8CF2D00A26FD8 /* Base in Resources */,
				3FB95D8C2BD8CF2C00A26FD8 /* Base in Resources */,
			);
			runOnlyForDeploymentPostprocessing = 0;
		};
/* End PBXResourcesBuildPhase section */

/* Begin PBXSourcesBuildPhase section */
		3FB95D7D2BD8CF2C00A26FD8 /* Sources */ = {
			isa = PBXSourcesBuildPhase;
			buildActionMask = 2147483647;
			files = (
				3FB95D892BD8CF2C00A26FD8 /* ViewController.swift in Sources */,
				3FA9A4922BE20C6B00680C3D /* ContentView.swift in Sources */,
				3F567CBB2BD9018F009F1216 /* SecondViewController.swift in Sources */,
				3F4D5C102BDA0E7200C24681 /* ThirdViewController.swift in Sources */,
				3F0C49442BDFD6D40077FD8E /* ProfileViewController.swift in Sources */,
				3FBE62E62BDA551700A905C8 /* EzyFitnessDataModel.swift in Sources */,
				3FBE62EA2BDA9A8500A905C8 /* Activity_H_ViewController.swift in Sources */,
				3F4D5C122BDA1E6D00C24681 /* Plan_S_ViewController.swift in Sources */,
				3FB95D852BD8CF2C00A26FD8 /* AppDelegate.swift in Sources */,
				3FB95D872BD8CF2C00A26FD8 /* SceneDelegate.swift in Sources */,
				3F0C49482BE0C0800077FD8E /* Exercise_8_ViewController.swift in Sources */,
				3FBE62E82BDA950900A905C8 /* Plan_Space_ViewController.swift in Sources */,
				3FD0AF212BDF696900675235 /* firstViewController.swift in Sources */,
				3FDF1DCE2BDAB56300CC7A7E /* MorningYoga_ViewController.swift in Sources */,
				3F16E25C2BDB60830068A603 /* HomeViewController.swift in Sources */,
				3FA9A4942BE2124800680C3D /* FitnessVC.swift in Sources */,
			);
			runOnlyForDeploymentPostprocessing = 0;
		};
/* End PBXSourcesBuildPhase section */

/* Begin PBXVariantGroup section */
		3FB95D8A2BD8CF2C00A26FD8 /* Main.storyboard */ = {
			isa = PBXVariantGroup;
			children = (
				3FB95D8B2BD8CF2C00A26FD8 /* Base */,
			);
			name = Main.storyboard;
			sourceTree = "<group>";
		};
		3FB95D8F2BD8CF2D00A26FD8 /* LaunchScreen.storyboard */ = {
			isa = PBXVariantGroup;
			children = (
				3FB95D902BD8CF2D00A26FD8 /* Base */,
			);
			name = LaunchScreen.storyboard;
			sourceTree = "<group>";
		};
/* End PBXVariantGroup section */

/* Begin XCBuildConfiguration section */
		3FB95D932BD8CF2D00A26FD8 /* Debug */ = {
			isa = XCBuildConfiguration;
			buildSettings = {
				ALWAYS_SEARCH_USER_PATHS = NO;
				ASSETCATALOG_COMPILER_GENERATE_SWIFT_ASSET_SYMBOL_EXTENSIONS = YES;
				CLANG_ANALYZER_NONNULL = YES;
				CLANG_ANALYZER_NUMBER_OBJECT_CONVERSION = YES_AGGRESSIVE;
				CLANG_CXX_LANGUAGE_STANDARD = "gnu++20";
				CLANG_ENABLE_MODULES = YES;
				CLANG_ENABLE_OBJC_ARC = YES;
				CLANG_ENABLE_OBJC_WEAK = YES;
				CLANG_WARN_BLOCK_CAPTURE_AUTORELEASING = YES;
				CLANG_WARN_BOOL_CONVERSION = YES;
				CLANG_WARN_COMMA = YES;
				CLANG_WARN_CONSTANT_CONVERSION = YES;
				CLANG_WARN_DEPRECATED_OBJC_IMPLEMENTATIONS = YES;
				CLANG_WARN_DIRECT_OBJC_ISA_USAGE = YES_ERROR;
				CLANG_WARN_DOCUMENTATION_COMMENTS = YES;
				CLANG_WARN_EMPTY_BODY = YES;
				CLANG_WARN_ENUM_CONVERSION = YES;
				CLANG_WARN_INFINITE_RECURSION = YES;
				CLANG_WARN_INT_CONVERSION = YES;
				CLANG_WARN_NON_LITERAL_NULL_CONVERSION = YES;
				CLANG_WARN_OBJC_IMPLICIT_RETAIN_SELF = YES;
				CLANG_WARN_OBJC_LITERAL_CONVERSION = YES;
				CLANG_WARN_OBJC_ROOT_CLASS = YES_ERROR;
				CLANG_WARN_QUOTED_INCLUDE_IN_FRAMEWORK_HEADER = YES;
				CLANG_WARN_RANGE_LOOP_ANALYSIS = YES;
				CLANG_WARN_STRICT_PROTOTYPES = YES;
				CLANG_WARN_SUSPICIOUS_MOVE = YES;
				CLANG_WARN_UNGUARDED_AVAILABILITY = YES_AGGRESSIVE;
				CLANG_WARN_UNREACHABLE_CODE = YES;
				CLANG_WARN__DUPLICATE_METHOD_MATCH = YES;
				COPY_PHASE_STRIP = NO;
				DEBUG_INFORMATION_FORMAT = dwarf;
				ENABLE_STRICT_OBJC_MSGSEND = YES;
				ENABLE_TESTABILITY = YES;
				ENABLE_USER_SCRIPT_SANDBOXING = YES;
				GCC_C_LANGUAGE_STANDARD = gnu17;
				GCC_DYNAMIC_NO_PIC = NO;
				GCC_NO_COMMON_BLOCKS = YES;
				GCC_OPTIMIZATION_LEVEL = 0;
				GCC_PREPROCESSOR_DEFINITIONS = (
					"DEBUG=1",
					"$(inherited)",
				);
				GCC_WARN_64_TO_32_BIT_CONVERSION = YES;
				GCC_WARN_ABOUT_RETURN_TYPE = YES_ERROR;
				GCC_WARN_UNDECLARED_SELECTOR = YES;
				GCC_WARN_UNINITIALIZED_AUTOS = YES_AGGRESSIVE;
				GCC_WARN_UNUSED_FUNCTION = YES;
				GCC_WARN_UNUSED_VARIABLE = YES;
				IPHONEOS_DEPLOYMENT_TARGET = 17.4;
				LOCALIZATION_PREFERS_STRING_CATALOGS = YES;
				MTL_ENABLE_DEBUG_INFO = INCLUDE_SOURCE;
				MTL_FAST_MATH = YES;
				ONLY_ACTIVE_ARCH = YES;
				SDKROOT = iphoneos;
				SWIFT_ACTIVE_COMPILATION_CONDITIONS = "DEBUG $(inherited)";
				SWIFT_OPTIMIZATION_LEVEL = "-Onone";
			};
			name = Debug;
		};
		3FB95D942BD8CF2D00A26FD8 /* Release */ = {
			isa = XCBuildConfiguration;
			buildSettings = {
				ALWAYS_SEARCH_USER_PATHS = NO;
				ASSETCATALOG_COMPILER_GENERATE_SWIFT_ASSET_SYMBOL_EXTENSIONS = YES;
				CLANG_ANALYZER_NONNULL = YES;
				CLANG_ANALYZER_NUMBER_OBJECT_CONVERSION = YES_AGGRESSIVE;
				CLANG_CXX_LANGUAGE_STANDARD = "gnu++20";
				CLANG_ENABLE_MODULES = YES;
				CLANG_ENABLE_OBJC_ARC = YES;
				CLANG_ENABLE_OBJC_WEAK = YES;
				CLANG_WARN_BLOCK_CAPTURE_AUTORELEASING = YES;
				CLANG_WARN_BOOL_CONVERSION = YES;
				CLANG_WARN_COMMA = YES;
				CLANG_WARN_CONSTANT_CONVERSION = YES;
				CLANG_WARN_DEPRECATED_OBJC_IMPLEMENTATIONS = YES;
				CLANG_WARN_DIRECT_OBJC_ISA_USAGE = YES_ERROR;
				CLANG_WARN_DOCUMENTATION_COMMENTS = YES;
				CLANG_WARN_EMPTY_BODY = YES;
				CLANG_WARN_ENUM_CONVERSION = YES;
				CLANG_WARN_INFINITE_RECURSION = YES;
				CLANG_WARN_INT_CONVERSION = YES;
				CLANG_WARN_NON_LITERAL_NULL_CONVERSION = YES;
				CLANG_WARN_OBJC_IMPLICIT_RETAIN_SELF = YES;
				CLANG_WARN_OBJC_LITERAL_CONVERSION = YES;
				CLANG_WARN_OBJC_ROOT_CLASS = YES_ERROR;
				CLANG_WARN_QUOTED_INCLUDE_IN_FRAMEWORK_HEADER = YES;
				CLANG_WARN_RANGE_LOOP_ANALYSIS = YES;
				CLANG_WARN_STRICT_PROTOTYPES = YES;
				CLANG_WARN_SUSPICIOUS_MOVE = YES;
				CLANG_WARN_UNGUARDED_AVAILABILITY = YES_AGGRESSIVE;
				CLANG_WARN_UNREACHABLE_CODE = YES;
				CLANG_WARN__DUPLICATE_METHOD_MATCH = YES;
				COPY_PHASE_STRIP = NO;
				DEBUG_INFORMATION_FORMAT = "dwarf-with-dsym";
				ENABLE_NS_ASSERTIONS = NO;
				ENABLE_STRICT_OBJC_MSGSEND = YES;
				ENABLE_USER_SCRIPT_SANDBOXING = YES;
				GCC_C_LANGUAGE_STANDARD = gnu17;
				GCC_NO_COMMON_BLOCKS = YES;
				GCC_WARN_64_TO_32_BIT_CONVERSION = YES;
				GCC_WARN_ABOUT_RETURN_TYPE = YES_ERROR;
				GCC_WARN_UNDECLARED_SELECTOR = YES;
				GCC_WARN_UNINITIALIZED_AUTOS = YES_AGGRESSIVE;
				GCC_WARN_UNUSED_FUNCTION = YES;
				GCC_WARN_UNUSED_VARIABLE = YES;
				IPHONEOS_DEPLOYMENT_TARGET = 17.4;
				LOCALIZATION_PREFERS_STRING_CATALOGS = YES;
				MTL_ENABLE_DEBUG_INFO = NO;
				MTL_FAST_MATH = YES;
				SDKROOT = iphoneos;
				SWIFT_COMPILATION_MODE = wholemodule;
				VALIDATE_PRODUCT = YES;
			};
			name = Release;
		};
		3FB95D962BD8CF2D00A26FD8 /* Debug */ = {
			isa = XCBuildConfiguration;
			buildSettings = {
				ASSETCATALOG_COMPILER_APPICON_NAME = AppIcon;
				ASSETCATALOG_COMPILER_GLOBAL_ACCENT_COLOR_NAME = AccentColor;
				CODE_SIGN_STYLE = Automatic;
				CURRENT_PROJECT_VERSION = 1;
				DEVELOPMENT_TEAM = 774UF5A496;
				GENERATE_INFOPLIST_FILE = YES;
				INFOPLIST_FILE = EzyFitness_Decoders/Info.plist;
				INFOPLIST_KEY_UIApplicationSupportsIndirectInputEvents = YES;
				INFOPLIST_KEY_UILaunchStoryboardName = LaunchScreen;
				INFOPLIST_KEY_UIMainStoryboardFile = Main;
				INFOPLIST_KEY_UISupportedInterfaceOrientations_iPad = "UIInterfaceOrientationPortrait UIInterfaceOrientationPortraitUpsideDown UIInterfaceOrientationLandscapeLeft UIInterfaceOrientationLandscapeRight";
				INFOPLIST_KEY_UISupportedInterfaceOrientations_iPhone = "UIInterfaceOrientationPortrait UIInterfaceOrientationLandscapeLeft UIInterfaceOrientationLandscapeRight";
				LD_RUNPATH_SEARCH_PATHS = (
					"$(inherited)",
					"@executable_path/Frameworks",
				);
				MARKETING_VERSION = 1.0;
				PRODUCT_BUNDLE_IDENTIFIER = "x.EzyFitness-Decoders";
				PRODUCT_NAME = "$(TARGET_NAME)";
				SWIFT_EMIT_LOC_STRINGS = YES;
				SWIFT_VERSION = 5.0;
				TARGETED_DEVICE_FAMILY = "1,2";
			};
			name = Debug;
		};
		3FB95D972BD8CF2D00A26FD8 /* Release */ = {
			isa = XCBuildConfiguration;
			buildSettings = {
				ASSETCATALOG_COMPILER_APPICON_NAME = AppIcon;
				ASSETCATALOG_COMPILER_GLOBAL_ACCENT_COLOR_NAME = AccentColor;
				CODE_SIGN_STYLE = Automatic;
				CURRENT_PROJECT_VERSION = 1;
				DEVELOPMENT_TEAM = 774UF5A496;
				GENERATE_INFOPLIST_FILE = YES;
				INFOPLIST_FILE = EzyFitness_Decoders/Info.plist;
				INFOPLIST_KEY_UIApplicationSupportsIndirectInputEvents = YES;
				INFOPLIST_KEY_UILaunchStoryboardName = LaunchScreen;
				INFOPLIST_KEY_UIMainStoryboardFile = Main;
				INFOPLIST_KEY_UISupportedInterfaceOrientations_iPad = "UIInterfaceOrientationPortrait UIInterfaceOrientationPortraitUpsideDown UIInterfaceOrientationLandscapeLeft UIInterfaceOrientationLandscapeRight";
				INFOPLIST_KEY_UISupportedInterfaceOrientations_iPhone = "UIInterfaceOrientationPortrait UIInterfaceOrientationLandscapeLeft UIInterfaceOrientationLandscapeRight";
				LD_RUNPATH_SEARCH_PATHS = (
					"$(inherited)",
					"@executable_path/Frameworks",
				);
				MARKETING_VERSION = 1.0;
				PRODUCT_BUNDLE_IDENTIFIER = "x.EzyFitness-Decoders";
				PRODUCT_NAME = "$(TARGET_NAME)";
				SWIFT_EMIT_LOC_STRINGS = YES;
				SWIFT_VERSION = 5.0;
				TARGETED_DEVICE_FAMILY = "1,2";
			};
			name = Release;
		};
/* End XCBuildConfiguration section */

/* Begin XCConfigurationList section */
		3FB95D7C2BD8CF2C00A26FD8 /* Build configuration list for PBXProject "EzyFitness_Decoders" */ = {
			isa = XCConfigurationList;
			buildConfigurations = (
				3FB95D932BD8CF2D00A26FD8 /* Debug */,
				3FB95D942BD8CF2D00A26FD8 /* Release */,
			);
			defaultConfigurationIsVisible = 0;
			defaultConfigurationName = Release;
		};
		3FB95D952BD8CF2D00A26FD8 /* Build configuration list for PBXNativeTarget "EzyFitness_Decoders" */ = {
			isa = XCConfigurationList;
			buildConfigurations = (
				3FB95D962BD8CF2D00A26FD8 /* Debug */,
				3FB95D972BD8CF2D00A26FD8 /* Release */,
			);
			defaultConfigurationIsVisible = 0;
			defaultConfigurationName = Release;
		};
/* End XCConfigurationList section */
	};
	rootObject = 3FB95D792BD8CF2C00A26FD8 /* Project object */;
}
