// !$*UTF8*$!
{
	archiveVersion = 1;
	classes = {
	};
	objectVersion = 56;
	objects = {

/* Begin PBXBuildFile section */
		3F0C49442BDFD6D40077FD8E /* ProfileViewController.swift in Sources */ = {isa = PBXBuildFile; fileRef = 3F0C49432BDFD6D40077FD8E /* ProfileViewController.swift */; };
		3F0C49462BE0BEF40077FD8E /* strecth.gif in Resources */ = {isa = PBXBuildFile; fileRef = 3F0C49452BE0BEF40077FD8E /* strecth.gif */; };
		3F0C49482BE0C0800077FD8E /* Exercise_8_ViewController.swift in Sources */ = {isa = PBXBuildFile; fileRef = 3F0C49472BE0C07F0077FD8E /* Exercise_8_ViewController.swift */; };
		3F16E25C2BDB60830068A603 /* HomeViewController.swift in Sources */ = {isa = PBXBuildFile; fileRef = 3F16E25B2BDB60830068A603 /* HomeViewController.swift */; };
		3F3E61262BE237D400AF6ABB /* DailyWorkoutViewController.swift in Sources */ = {isa = PBXBuildFile; fileRef = 3F3E61252BE237D400AF6ABB /* DailyWorkoutViewController.swift */; };
		3F46FE702BEDD6B600A43156 /* StreakViewController.swift in Sources */ = {isa = PBXBuildFile; fileRef = 3F46FE6F2BEDD6B600A43156 /* StreakViewController.swift */; };
		3F46FE722BEDDDD500A43156 /* ProgressViewController.swift in Sources */ = {isa = PBXBuildFile; fileRef = 3F46FE712BEDDDD500A43156 /* ProgressViewController.swift */; };
		3F46FE742BEDE52600A43156 /* PlanSectionViewController.swift in Sources */ = {isa = PBXBuildFile; fileRef = 3F46FE732BEDE52600A43156 /* PlanSectionViewController.swift */; };
		3F46FE762BEDEC8C00A43156 /* SecondViewController.swift in Sources */ = {isa = PBXBuildFile; fileRef = 3F46FE752BEDEC8C00A43156 /* SecondViewController.swift */; };
		3F4910102BE67A6A00722EF5 /* Plank.jpeg in Resources */ = {isa = PBXBuildFile; fileRef = 3F4910042BE67A6900722EF5 /* Plank.jpeg */; };
		3F4910112BE67A6A00722EF5 /* JumpingJacks.gif in Resources */ = {isa = PBXBuildFile; fileRef = 3F4910052BE67A6900722EF5 /* JumpingJacks.gif */; };
		3F4910122BE67A6A00722EF5 /* pushup.gif in Resources */ = {isa = PBXBuildFile; fileRef = 3F4910062BE67A6900722EF5 /* pushup.gif */; };
		3F4910132BE67A6A00722EF5 /* shoulderStretch.gif in Resources */ = {isa = PBXBuildFile; fileRef = 3F4910072BE67A6900722EF5 /* shoulderStretch.gif */; };
		3F4910142BE67A6A00722EF5 /* situp.gif in Resources */ = {isa = PBXBuildFile; fileRef = 3F4910082BE67A6900722EF5 /* situp.gif */; };
		3F4910152BE67A6A00722EF5 /* WallSit.gif in Resources */ = {isa = PBXBuildFile; fileRef = 3F4910092BE67A6A00722EF5 /* WallSit.gif */; };
		3F4910162BE67A6A00722EF5 /* Side squats .gif in Resources */ = {isa = PBXBuildFile; fileRef = 3F49100A2BE67A6A00722EF5 /* Side squats .gif */; };
		3F4910182BE67A6A00722EF5 /* mountainClimber.gif in Resources */ = {isa = PBXBuildFile; fileRef = 3F49100C2BE67A6A00722EF5 /* mountainClimber.gif */; };
		3F4910192BE67A6A00722EF5 /* neckRoll.gif in Resources */ = {isa = PBXBuildFile; fileRef = 3F49100D2BE67A6A00722EF5 /* neckRoll.gif */; };
		3F49101A2BE67A6A00722EF5 /* legExtension.gif in Resources */ = {isa = PBXBuildFile; fileRef = 3F49100E2BE67A6A00722EF5 /* legExtension.gif */; };
		3F49101B2BE67A6A00722EF5 /* kneetochest.gif in Resources */ = {isa = PBXBuildFile; fileRef = 3F49100F2BE67A6A00722EF5 /* kneetochest.gif */; };
		3F4D5C102BDA0E7200C24681 /* ThirdViewController.swift in Sources */ = {isa = PBXBuildFile; fileRef = 3F4D5C0F2BDA0E7200C24681 /* ThirdViewController.swift */; };
		3F60B6A42BEE061F00C52BE7 /* MorningYoga_ViewController.swift in Sources */ = {isa = PBXBuildFile; fileRef = 3F60B6A32BEE061F00C52BE7 /* MorningYoga_ViewController.swift */; };
		3F60B6A82BEE187900C52BE7 /* ExerciseDetailViewController.swift in Sources */ = {isa = PBXBuildFile; fileRef = 3F60B6A72BEE187900C52BE7 /* ExerciseDetailViewController.swift */; };
		3F60B6AC2BEE2AA600C52BE7 /* tabBarControlller.swift in Sources */ = {isa = PBXBuildFile; fileRef = 3F60B6AB2BEE2AA600C52BE7 /* tabBarControlller.swift */; };
		3F785AFF2BE2448A00D11CFB /* CreateAccountViewController.swift in Sources */ = {isa = PBXBuildFile; fileRef = 3F785AFE2BE2448A00D11CFB /* CreateAccountViewController.swift */; };
		3F785B012BE2469100D11CFB /* LogInViewController.swift in Sources */ = {isa = PBXBuildFile; fileRef = 3F785B002BE2469100D11CFB /* LogInViewController.swift */; };
		3F7ED3C82BE89BE300E0EBC4 /* PlanViewController.swift in Sources */ = {isa = PBXBuildFile; fileRef = 3F7ED3C72BE89BE300E0EBC4 /* PlanViewController.swift */; };
		3F7ED3CA2BE8A38D00E0EBC4 /* FitnessViewController.swift in Sources */ = {isa = PBXBuildFile; fileRef = 3F7ED3C92BE8A38D00E0EBC4 /* FitnessViewController.swift */; };
		3F9CFFD52BE4DB2600D8EA8F /* FSCalendar in Frameworks */ = {isa = PBXBuildFile; productRef = 3F9CFFD42BE4DB2600D8EA8F /* FSCalendar */; };
		3F9CFFD72BE4DBFC00D8EA8F /* CalenderViewController.swift in Sources */ = {isa = PBXBuildFile; fileRef = 3F9CFFD62BE4DBFC00D8EA8F /* CalenderViewController.swift */; };
		3FA9A4942BE2124800680C3D /* FitnessVC.swift in Sources */ = {isa = PBXBuildFile; fileRef = 3FA9A4932BE2124800680C3D /* FitnessVC.swift */; };
		3FB95D852BD8CF2C00A26FD8 /* AppDelegate.swift in Sources */ = {isa = PBXBuildFile; fileRef = 3FB95D842BD8CF2C00A26FD8 /* AppDelegate.swift */; };
		3FB95D872BD8CF2C00A26FD8 /* SceneDelegate.swift in Sources */ = {isa = PBXBuildFile; fileRef = 3FB95D862BD8CF2C00A26FD8 /* SceneDelegate.swift */; };
		3FB95D892BD8CF2C00A26FD8 /* ViewController.swift in Sources */ = {isa = PBXBuildFile; fileRef = 3FB95D882BD8CF2C00A26FD8 /* ViewController.swift */; };
		3FB95D8C2BD8CF2C00A26FD8 /* Base in Resources */ = {isa = PBXBuildFile; fileRef = 3FB95D8B2BD8CF2C00A26FD8 /* Base */; };
		3FB95D8E2BD8CF2D00A26FD8 /* Assets.xcassets in Resources */ = {isa = PBXBuildFile; fileRef = 3FB95D8D2BD8CF2D00A26FD8 /* Assets.xcassets */; };
		3FB95D912BD8CF2D00A26FD8 /* Base in Resources */ = {isa = PBXBuildFile; fileRef = 3FB95D902BD8CF2D00A26FD8 /* Base */; };
		3FBD1A9A2BE36B6E0005C4BF /* ButtonCollectionViewCell1CollectionViewCell.swift in Sources */ = {isa = PBXBuildFile; fileRef = 3FBD1A992BE36B6E0005C4BF /* ButtonCollectionViewCell1CollectionViewCell.swift */; };
		3FBD1A9C2BE36D360005C4BF /* ShoulderStrechViewController.swift in Sources */ = {isa = PBXBuildFile; fileRef = 3FBD1A9B2BE36D360005C4BF /* ShoulderStrechViewController.swift */; };
		3FBD1AA02BE373930005C4BF /* SampleViewController.swift in Sources */ = {isa = PBXBuildFile; fileRef = 3FBD1A9F2BE373930005C4BF /* SampleViewController.swift */; };
		3FBD1AA32BE3915E0005C4BF /* CHTCollectionViewWaterfallLayout in Frameworks */ = {isa = PBXBuildFile; productRef = 3FBD1AA22BE3915E0005C4BF /* CHTCollectionViewWaterfallLayout */; };
		3FBE62E62BDA551700A905C8 /* EzyFitnessDataModel.swift in Sources */ = {isa = PBXBuildFile; fileRef = 3FBE62E52BDA551700A905C8 /* EzyFitnessDataModel.swift */; };
		3FBE62EA2BDA9A8500A905C8 /* Activity_H_ViewController.swift in Sources */ = {isa = PBXBuildFile; fileRef = 3FBE62E92BDA9A8500A905C8 /* Activity_H_ViewController.swift */; };
		3FD0AF212BDF696900675235 /* firstViewController.swift in Sources */ = {isa = PBXBuildFile; fileRef = 3FD0AF202BDF696900675235 /* firstViewController.swift */; };
		3FDCA9FB2BE95DFF00624F17 /* Achievement.swift in Sources */ = {isa = PBXBuildFile; fileRef = 3FDCA9FA2BE95DFF00624F17 /* Achievement.swift */; };
		3FDCA9FD2BEA3BDB00624F17 /* activity_vc.swift in Sources */ = {isa = PBXBuildFile; fileRef = 3FDCA9FC2BEA3BDB00624F17 /* activity_vc.swift */; };
		3FDEE1232BEF2F87000CC5F8 /* OTPViewController.swift in Sources */ = {isa = PBXBuildFile; fileRef = 3FDEE1222BEF2F87000CC5F8 /* OTPViewController.swift */; };
		3FFDC2342BED20C400E44DF0 /* LegExtension.swift in Sources */ = {isa = PBXBuildFile; fileRef = 3FFDC2332BED20C400E44DF0 /* LegExtension.swift */; };
		3FFDC2362BED274F00E44DF0 /* ExerciseViewController.swift in Sources */ = {isa = PBXBuildFile; fileRef = 3FFDC2352BED274F00E44DF0 /* ExerciseViewController.swift */; };
		3FFDC2382BED27A000E44DF0 /* HamstringStrech.swift in Sources */ = {isa = PBXBuildFile; fileRef = 3FFDC2372BED27A000E44DF0 /* HamstringStrech.swift */; };
		3FFDC23A2BED27E600E44DF0 /* UpperBodyTwist.swift in Sources */ = {isa = PBXBuildFile; fileRef = 3FFDC2392BED27E600E44DF0 /* UpperBodyTwist.swift */; };
		3FFDC23C2BED28DE00E44DF0 /* NeckRoll.swift in Sources */ = {isa = PBXBuildFile; fileRef = 3FFDC23B2BED28DE00E44DF0 /* NeckRoll.swift */; };
		3FFDC23E2BED28E700E44DF0 /* AnkleRotation.swift in Sources */ = {isa = PBXBuildFile; fileRef = 3FFDC23D2BED28E700E44DF0 /* AnkleRotation.swift */; };
		3FFDC2402BED28EE00E44DF0 /* ToeLifts.swift in Sources */ = {isa = PBXBuildFile; fileRef = 3FFDC23F2BED28EE00E44DF0 /* ToeLifts.swift */; };
		3FFDC2422BED295500E44DF0 /* OverheadPress.swift in Sources */ = {isa = PBXBuildFile; fileRef = 3FFDC2412BED295500E44DF0 /* OverheadPress.swift */; };
		3FFDC2442BED296200E44DF0 /* MountainClimber.swift in Sources */ = {isa = PBXBuildFile; fileRef = 3FFDC2432BED296200E44DF0 /* MountainClimber.swift */; };
		3FFDC2462BED296A00E44DF0 /* Butterfly.swift in Sources */ = {isa = PBXBuildFile; fileRef = 3FFDC2452BED296A00E44DF0 /* Butterfly.swift */; };
		3FFDC2482BED299900E44DF0 /* pushUp.swift in Sources */ = {isa = PBXBuildFile; fileRef = 3FFDC2472BED299900E44DF0 /* pushUp.swift */; };
		3FFDC24A2BED29A200E44DF0 /* KneetoChest.swift in Sources */ = {isa = PBXBuildFile; fileRef = 3FFDC2492BED29A100E44DF0 /* KneetoChest.swift */; };
		3FFDC24C2BED29A800E44DF0 /* Sidesquats.swift in Sources */ = {isa = PBXBuildFile; fileRef = 3FFDC24B2BED29A800E44DF0 /* Sidesquats.swift */; };
		3FFDC24E2BED2A1800E44DF0 /* JumpingJacks.swift in Sources */ = {isa = PBXBuildFile; fileRef = 3FFDC24D2BED2A1800E44DF0 /* JumpingJacks.swift */; };
		3FFDC2502BED2A2A00E44DF0 /* Plank.swift in Sources */ = {isa = PBXBuildFile; fileRef = 3FFDC24F2BED2A2A00E44DF0 /* Plank.swift */; };
		3FFDC2522BED2A2F00E44DF0 /* WallSit.swift in Sources */ = {isa = PBXBuildFile; fileRef = 3FFDC2512BED2A2F00E44DF0 /* WallSit.swift */; };
		3FFDC2552BED320C00E44DF0 /* ankleRotation.gif in Resources */ = {isa = PBXBuildFile; fileRef = 3FFDC2542BED320C00E44DF0 /* ankleRotation.gif */; };
/* End PBXBuildFile section */

/* Begin PBXFileReference section */
		3F0C49432BDFD6D40077FD8E /* ProfileViewController.swift */ = {isa = PBXFileReference; lastKnownFileType = sourcecode.swift; path = ProfileViewController.swift; sourceTree = "<group>"; };
		3F0C49452BE0BEF40077FD8E /* strecth.gif */ = {isa = PBXFileReference; lastKnownFileType = image.gif; name = strecth.gif; path = ../../../../Downloads/strecth.gif; sourceTree = "<group>"; };
		3F0C49472BE0C07F0077FD8E /* Exercise_8_ViewController.swift */ = {isa = PBXFileReference; lastKnownFileType = sourcecode.swift; path = Exercise_8_ViewController.swift; sourceTree = "<group>"; };
		3F16E25B2BDB60830068A603 /* HomeViewController.swift */ = {isa = PBXFileReference; lastKnownFileType = sourcecode.swift; path = HomeViewController.swift; sourceTree = "<group>"; };
		3F3E61252BE237D400AF6ABB /* DailyWorkoutViewController.swift */ = {isa = PBXFileReference; lastKnownFileType = sourcecode.swift; path = DailyWorkoutViewController.swift; sourceTree = "<group>"; };
		3F46FE6F2BEDD6B600A43156 /* StreakViewController.swift */ = {isa = PBXFileReference; lastKnownFileType = sourcecode.swift; path = StreakViewController.swift; sourceTree = "<group>"; };
		3F46FE712BEDDDD500A43156 /* ProgressViewController.swift */ = {isa = PBXFileReference; lastKnownFileType = sourcecode.swift; path = ProgressViewController.swift; sourceTree = "<group>"; };
		3F46FE732BEDE52600A43156 /* PlanSectionViewController.swift */ = {isa = PBXFileReference; lastKnownFileType = sourcecode.swift; path = PlanSectionViewController.swift; sourceTree = "<group>"; };
		3F46FE752BEDEC8C00A43156 /* SecondViewController.swift */ = {isa = PBXFileReference; lastKnownFileType = sourcecode.swift; path = SecondViewController.swift; sourceTree = "<group>"; };
		3F4910042BE67A6900722EF5 /* Plank.jpeg */ = {isa = PBXFileReference; lastKnownFileType = image.jpeg; name = Plank.jpeg; path = ../../../../Downloads/gif/Plank.jpeg; sourceTree = "<group>"; };
		3F4910052BE67A6900722EF5 /* JumpingJacks.gif */ = {isa = PBXFileReference; lastKnownFileType = image.gif; name = JumpingJacks.gif; path = ../../../../Downloads/gif/JumpingJacks.gif; sourceTree = "<group>"; };
		3F4910062BE67A6900722EF5 /* pushup.gif */ = {isa = PBXFileReference; lastKnownFileType = image.gif; name = pushup.gif; path = ../../../../Downloads/gif/pushup.gif; sourceTree = "<group>"; };
		3F4910072BE67A6900722EF5 /* shoulderStretch.gif */ = {isa = PBXFileReference; lastKnownFileType = image.gif; name = shoulderStretch.gif; path = ../../../../Downloads/gif/shoulderStretch.gif; sourceTree = "<group>"; };
		3F4910082BE67A6900722EF5 /* situp.gif */ = {isa = PBXFileReference; lastKnownFileType = image.gif; name = situp.gif; path = ../../../../Downloads/gif/situp.gif; sourceTree = "<group>"; };
		3F4910092BE67A6A00722EF5 /* WallSit.gif */ = {isa = PBXFileReference; lastKnownFileType = image.gif; name = WallSit.gif; path = ../../../../Downloads/gif/WallSit.gif; sourceTree = "<group>"; };
		3F49100A2BE67A6A00722EF5 /* Side squats .gif */ = {isa = PBXFileReference; lastKnownFileType = image.gif; name = "Side squats .gif"; path = "../../../../Downloads/gif/Side squats .gif"; sourceTree = "<group>"; };
		3F49100C2BE67A6A00722EF5 /* mountainClimber.gif */ = {isa = PBXFileReference; lastKnownFileType = image.gif; name = mountainClimber.gif; path = ../../../../Downloads/gif/mountainClimber.gif; sourceTree = "<group>"; };
		3F49100D2BE67A6A00722EF5 /* neckRoll.gif */ = {isa = PBXFileReference; lastKnownFileType = image.gif; name = neckRoll.gif; path = ../../../../Downloads/gif/neckRoll.gif; sourceTree = "<group>"; };
		3F49100E2BE67A6A00722EF5 /* legExtension.gif */ = {isa = PBXFileReference; lastKnownFileType = image.gif; name = legExtension.gif; path = ../../../../Downloads/gif/legExtension.gif; sourceTree = "<group>"; };
		3F49100F2BE67A6A00722EF5 /* kneetochest.gif */ = {isa = PBXFileReference; lastKnownFileType = image.gif; name = kneetochest.gif; path = ../../../../Downloads/gif/kneetochest.gif; sourceTree = "<group>"; };
		3F4D5C0F2BDA0E7200C24681 /* ThirdViewController.swift */ = {isa = PBXFileReference; lastKnownFileType = sourcecode.swift; path = ThirdViewController.swift; sourceTree = "<group>"; };
		3F60B6A32BEE061F00C52BE7 /* MorningYoga_ViewController.swift */ = {isa = PBXFileReference; lastKnownFileType = sourcecode.swift; path = MorningYoga_ViewController.swift; sourceTree = "<group>"; };
		3F60B6A72BEE187900C52BE7 /* ExerciseDetailViewController.swift */ = {isa = PBXFileReference; lastKnownFileType = sourcecode.swift; path = ExerciseDetailViewController.swift; sourceTree = "<group>"; };
		3F60B6AB2BEE2AA600C52BE7 /* tabBarControlller.swift */ = {isa = PBXFileReference; lastKnownFileType = sourcecode.swift; path = tabBarControlller.swift; sourceTree = "<group>"; };
		3F785AFE2BE2448A00D11CFB /* CreateAccountViewController.swift */ = {isa = PBXFileReference; lastKnownFileType = sourcecode.swift; path = CreateAccountViewController.swift; sourceTree = "<group>"; };
		3F785B002BE2469100D11CFB /* LogInViewController.swift */ = {isa = PBXFileReference; lastKnownFileType = sourcecode.swift; path = LogInViewController.swift; sourceTree = "<group>"; };
		3F7ED3C72BE89BE300E0EBC4 /* PlanViewController.swift */ = {isa = PBXFileReference; lastKnownFileType = sourcecode.swift; path = PlanViewController.swift; sourceTree = "<group>"; };
		3F7ED3C92BE8A38D00E0EBC4 /* FitnessViewController.swift */ = {isa = PBXFileReference; lastKnownFileType = sourcecode.swift; path = FitnessViewController.swift; sourceTree = "<group>"; };
		3F9CFFD62BE4DBFC00D8EA8F /* CalenderViewController.swift */ = {isa = PBXFileReference; lastKnownFileType = sourcecode.swift; path = CalenderViewController.swift; sourceTree = "<group>"; };
		3FA9A4932BE2124800680C3D /* FitnessVC.swift */ = {isa = PBXFileReference; lastKnownFileType = sourcecode.swift; path = FitnessVC.swift; sourceTree = "<group>"; };
		3FB95D812BD8CF2C00A26FD8 /* EzyFitness_Decoders.app */ = {isa = PBXFileReference; explicitFileType = wrapper.application; includeInIndex = 0; path = EzyFitness_Decoders.app; sourceTree = BUILT_PRODUCTS_DIR; };
		3FB95D842BD8CF2C00A26FD8 /* AppDelegate.swift */ = {isa = PBXFileReference; lastKnownFileType = sourcecode.swift; path = AppDelegate.swift; sourceTree = "<group>"; };
		3FB95D862BD8CF2C00A26FD8 /* SceneDelegate.swift */ = {isa = PBXFileReference; lastKnownFileType = sourcecode.swift; path = SceneDelegate.swift; sourceTree = "<group>"; };
		3FB95D882BD8CF2C00A26FD8 /* ViewController.swift */ = {isa = PBXFileReference; lastKnownFileType = sourcecode.swift; path = ViewController.swift; sourceTree = "<group>"; };
		3FB95D8B2BD8CF2C00A26FD8 /* Base */ = {isa = PBXFileReference; lastKnownFileType = file.storyboard; name = Base; path = Base.lproj/Main.storyboard; sourceTree = "<group>"; };
		3FB95D8D2BD8CF2D00A26FD8 /* Assets.xcassets */ = {isa = PBXFileReference; lastKnownFileType = folder.assetcatalog; path = Assets.xcassets; sourceTree = "<group>"; };
		3FB95D902BD8CF2D00A26FD8 /* Base */ = {isa = PBXFileReference; lastKnownFileType = file.storyboard; name = Base; path = Base.lproj/LaunchScreen.storyboard; sourceTree = "<group>"; };
		3FB95D922BD8CF2D00A26FD8 /* Info.plist */ = {isa = PBXFileReference; lastKnownFileType = text.plist.xml; path = Info.plist; sourceTree = "<group>"; };
		3FBD1A992BE36B6E0005C4BF /* ButtonCollectionViewCell1CollectionViewCell.swift */ = {isa = PBXFileReference; lastKnownFileType = sourcecode.swift; path = ButtonCollectionViewCell1CollectionViewCell.swift; sourceTree = "<group>"; };
		3FBD1A9B2BE36D360005C4BF /* ShoulderStrechViewController.swift */ = {isa = PBXFileReference; lastKnownFileType = sourcecode.swift; path = ShoulderStrechViewController.swift; sourceTree = "<group>"; };
		3FBD1A9F2BE373930005C4BF /* SampleViewController.swift */ = {isa = PBXFileReference; lastKnownFileType = sourcecode.swift; path = SampleViewController.swift; sourceTree = "<group>"; };
		3FBE62E52BDA551700A905C8 /* EzyFitnessDataModel.swift */ = {isa = PBXFileReference; lastKnownFileType = sourcecode.swift; path = EzyFitnessDataModel.swift; sourceTree = "<group>"; };
		3FBE62E92BDA9A8500A905C8 /* Activity_H_ViewController.swift */ = {isa = PBXFileReference; lastKnownFileType = sourcecode.swift; path = Activity_H_ViewController.swift; sourceTree = "<group>"; };
		3FD0AF202BDF696900675235 /* firstViewController.swift */ = {isa = PBXFileReference; lastKnownFileType = sourcecode.swift; path = firstViewController.swift; sourceTree = "<group>"; };
		3FDCA9FA2BE95DFF00624F17 /* Achievement.swift */ = {isa = PBXFileReference; lastKnownFileType = sourcecode.swift; path = Achievement.swift; sourceTree = "<group>"; };
		3FDCA9FC2BEA3BDB00624F17 /* activity_vc.swift */ = {isa = PBXFileReference; lastKnownFileType = sourcecode.swift; path = activity_vc.swift; sourceTree = "<group>"; };
		3FDEE1222BEF2F87000CC5F8 /* OTPViewController.swift */ = {isa = PBXFileReference; lastKnownFileType = sourcecode.swift; path = OTPViewController.swift; sourceTree = "<group>"; };
		3FFDC2332BED20C400E44DF0 /* LegExtension.swift */ = {isa = PBXFileReference; lastKnownFileType = sourcecode.swift; path = LegExtension.swift; sourceTree = "<group>"; };
		3FFDC2352BED274F00E44DF0 /* ExerciseViewController.swift */ = {isa = PBXFileReference; lastKnownFileType = sourcecode.swift; path = ExerciseViewController.swift; sourceTree = "<group>"; };
		3FFDC2372BED27A000E44DF0 /* HamstringStrech.swift */ = {isa = PBXFileReference; lastKnownFileType = sourcecode.swift; path = HamstringStrech.swift; sourceTree = "<group>"; };
		3FFDC2392BED27E600E44DF0 /* UpperBodyTwist.swift */ = {isa = PBXFileReference; lastKnownFileType = sourcecode.swift; path = UpperBodyTwist.swift; sourceTree = "<group>"; };
		3FFDC23B2BED28DE00E44DF0 /* NeckRoll.swift */ = {isa = PBXFileReference; lastKnownFileType = sourcecode.swift; path = NeckRoll.swift; sourceTree = "<group>"; };
		3FFDC23D2BED28E700E44DF0 /* AnkleRotation.swift */ = {isa = PBXFileReference; lastKnownFileType = sourcecode.swift; path = AnkleRotation.swift; sourceTree = "<group>"; };
		3FFDC23F2BED28EE00E44DF0 /* ToeLifts.swift */ = {isa = PBXFileReference; lastKnownFileType = sourcecode.swift; path = ToeLifts.swift; sourceTree = "<group>"; };
		3FFDC2412BED295500E44DF0 /* OverheadPress.swift */ = {isa = PBXFileReference; lastKnownFileType = sourcecode.swift; path = OverheadPress.swift; sourceTree = "<group>"; };
		3FFDC2432BED296200E44DF0 /* MountainClimber.swift */ = {isa = PBXFileReference; lastKnownFileType = sourcecode.swift; path = MountainClimber.swift; sourceTree = "<group>"; };
		3FFDC2452BED296A00E44DF0 /* Butterfly.swift */ = {isa = PBXFileReference; lastKnownFileType = sourcecode.swift; path = Butterfly.swift; sourceTree = "<group>"; };
		3FFDC2472BED299900E44DF0 /* pushUp.swift */ = {isa = PBXFileReference; lastKnownFileType = sourcecode.swift; path = pushUp.swift; sourceTree = "<group>"; };
		3FFDC2492BED29A100E44DF0 /* KneetoChest.swift */ = {isa = PBXFileReference; lastKnownFileType = sourcecode.swift; path = KneetoChest.swift; sourceTree = "<group>"; };
		3FFDC24B2BED29A800E44DF0 /* Sidesquats.swift */ = {isa = PBXFileReference; lastKnownFileType = sourcecode.swift; path = Sidesquats.swift; sourceTree = "<group>"; };
		3FFDC24D2BED2A1800E44DF0 /* JumpingJacks.swift */ = {isa = PBXFileReference; lastKnownFileType = sourcecode.swift; path = JumpingJacks.swift; sourceTree = "<group>"; };
		3FFDC24F2BED2A2A00E44DF0 /* Plank.swift */ = {isa = PBXFileReference; lastKnownFileType = sourcecode.swift; path = Plank.swift; sourceTree = "<group>"; };
		3FFDC2512BED2A2F00E44DF0 /* WallSit.swift */ = {isa = PBXFileReference; lastKnownFileType = sourcecode.swift; path = WallSit.swift; sourceTree = "<group>"; };
		3FFDC2542BED320C00E44DF0 /* ankleRotation.gif */ = {isa = PBXFileReference; lastKnownFileType = image.gif; name = ankleRotation.gif; path = ../../../../Downloads/ankleRotation.gif; sourceTree = "<group>"; };
/* End PBXFileReference section */

/* Begin PBXFrameworksBuildPhase section */
		3FB95D7E2BD8CF2C00A26FD8 /* Frameworks */ = {
			isa = PBXFrameworksBuildPhase;
			buildActionMask = 2147483647;
			files = (
				3FBD1AA32BE3915E0005C4BF /* CHTCollectionViewWaterfallLayout in Frameworks */,
				3F9CFFD52BE4DB2600D8EA8F /* FSCalendar in Frameworks */,
			);
			runOnlyForDeploymentPostprocessing = 0;
		};
/* End PBXFrameworksBuildPhase section */

/* Begin PBXGroup section */
		3F60B6A22BEE04BF00C52BE7 /* HomePageVCs */ = {
			isa = PBXGroup;
			children = (
				3F3E61252BE237D400AF6ABB /* DailyWorkoutViewController.swift */,
				3F16E25B2BDB60830068A603 /* HomeViewController.swift */,
				3F60B6A32BEE061F00C52BE7 /* MorningYoga_ViewController.swift */,
			);
			path = HomePageVCs;
			sourceTree = "<group>";
		};
		3F60B6A52BEE10C200C52BE7 /* PlanVCs */ = {
			isa = PBXGroup;
			children = (
				3F46FE732BEDE52600A43156 /* PlanSectionViewController.swift */,
				3FFDC2352BED274F00E44DF0 /* ExerciseViewController.swift */,
				3F7ED3C72BE89BE300E0EBC4 /* PlanViewController.swift */,
			);
			path = PlanVCs;
			sourceTree = "<group>";
		};
		3F60B6A62BEE11DC00C52BE7 /* ActivityVCs */ = {
			isa = PBXGroup;
			children = (
				3FBD1A992BE36B6E0005C4BF /* ButtonCollectionViewCell1CollectionViewCell.swift */,
				3FBE62E92BDA9A8500A905C8 /* Activity_H_ViewController.swift */,
				3FDCA9FA2BE95DFF00624F17 /* Achievement.swift */,
			);
			path = ActivityVCs;
			sourceTree = "<group>";
		};
		3FB95D782BD8CF2C00A26FD8 = {
			isa = PBXGroup;
			children = (
				3FB95D832BD8CF2C00A26FD8 /* EzyFitness_Decoders */,
				3FB95D822BD8CF2C00A26FD8 /* Products */,
			);
			sourceTree = "<group>";
		};
		3FB95D822BD8CF2C00A26FD8 /* Products */ = {
			isa = PBXGroup;
			children = (
				3FB95D812BD8CF2C00A26FD8 /* EzyFitness_Decoders.app */,
			);
			name = Products;
			sourceTree = "<group>";
		};
		3FB95D832BD8CF2C00A26FD8 /* EzyFitness_Decoders */ = {
			isa = PBXGroup;
			children = (
				3F60B6A62BEE11DC00C52BE7 /* ActivityVCs */,
				3F60B6A52BEE10C200C52BE7 /* PlanVCs */,
				3F60B6A22BEE04BF00C52BE7 /* HomePageVCs */,
				3FBE62E42BDA54F600A905C8 /* DataModel */,
				3FB95D862BD8CF2C00A26FD8 /* SceneDelegate.swift */,
				3FB95D842BD8CF2C00A26FD8 /* AppDelegate.swift */,
				3FB95D882BD8CF2C00A26FD8 /* ViewController.swift */,
				3FB95D8A2BD8CF2C00A26FD8 /* Main.storyboard */,
				3FDEE1222BEF2F87000CC5F8 /* OTPViewController.swift */,
				3F60B6A72BEE187900C52BE7 /* ExerciseDetailViewController.swift */,
				3F46FE752BEDEC8C00A43156 /* SecondViewController.swift */,
				3F46FE712BEDDDD500A43156 /* ProgressViewController.swift */,
				3F46FE6F2BEDD6B600A43156 /* StreakViewController.swift */,
				3FDCA9FC2BEA3BDB00624F17 /* activity_vc.swift */,
				3F9CFFD62BE4DBFC00D8EA8F /* CalenderViewController.swift */,
				3F7ED3C92BE8A38D00E0EBC4 /* FitnessViewController.swift */,
				3FBD1A9F2BE373930005C4BF /* SampleViewController.swift */,
				3FBD1A9B2BE36D360005C4BF /* ShoulderStrechViewController.swift */,
				3F785B002BE2469100D11CFB /* LogInViewController.swift */,
				3F785AFE2BE2448A00D11CFB /* CreateAccountViewController.swift */,
				3F0C49472BE0C07F0077FD8E /* Exercise_8_ViewController.swift */,
				3F0C49432BDFD6D40077FD8E /* ProfileViewController.swift */,
				3FD0AF202BDF696900675235 /* firstViewController.swift */,
				3F4D5C0F2BDA0E7200C24681 /* ThirdViewController.swift */,
				3FFDC23B2BED28DE00E44DF0 /* NeckRoll.swift */,
				3FFDC23D2BED28E700E44DF0 /* AnkleRotation.swift */,
				3FFDC23F2BED28EE00E44DF0 /* ToeLifts.swift */,
				3FFDC2412BED295500E44DF0 /* OverheadPress.swift */,
				3FFDC2432BED296200E44DF0 /* MountainClimber.swift */,
				3FFDC2452BED296A00E44DF0 /* Butterfly.swift */,
				3FFDC2472BED299900E44DF0 /* pushUp.swift */,
				3FFDC2492BED29A100E44DF0 /* KneetoChest.swift */,
				3FFDC24B2BED29A800E44DF0 /* Sidesquats.swift */,
				3FFDC24D2BED2A1800E44DF0 /* JumpingJacks.swift */,
				3FFDC24F2BED2A2A00E44DF0 /* Plank.swift */,
				3FFDC2512BED2A2F00E44DF0 /* WallSit.swift */,
				3FFDC2332BED20C400E44DF0 /* LegExtension.swift */,
				3FFDC2372BED27A000E44DF0 /* HamstringStrech.swift */,
				3FFDC2392BED27E600E44DF0 /* UpperBodyTwist.swift */,
				3F4910052BE67A6900722EF5 /* JumpingJacks.gif */,
				3F49100F2BE67A6A00722EF5 /* kneetochest.gif */,
				3F49100E2BE67A6A00722EF5 /* legExtension.gif */,
				3F49100C2BE67A6A00722EF5 /* mountainClimber.gif */,
				3F49100D2BE67A6A00722EF5 /* neckRoll.gif */,
				3F4910042BE67A6900722EF5 /* Plank.jpeg */,
				3F4910062BE67A6900722EF5 /* pushup.gif */,
				3F4910072BE67A6900722EF5 /* shoulderStretch.gif */,
				3F49100A2BE67A6A00722EF5 /* Side squats .gif */,
				3F4910082BE67A6900722EF5 /* situp.gif */,
				3F4910092BE67A6A00722EF5 /* WallSit.gif */,
				3FFDC2542BED320C00E44DF0 /* ankleRotation.gif */,
				3F0C49452BE0BEF40077FD8E /* strecth.gif */,
				3FB95D8D2BD8CF2D00A26FD8 /* Assets.xcassets */,
				3FB95D8F2BD8CF2D00A26FD8 /* LaunchScreen.storyboard */,
				3FB95D922BD8CF2D00A26FD8 /* Info.plist */,
				3FA9A4932BE2124800680C3D /* FitnessVC.swift */,
				3F60B6AB2BEE2AA600C52BE7 /* tabBarControlller.swift */,
			);
			path = EzyFitness_Decoders;
			sourceTree = "<group>";
		};
		3FBE62E42BDA54F600A905C8 /* DataModel */ = {
			isa = PBXGroup;
			children = (
				3FBE62E52BDA551700A905C8 /* EzyFitnessDataModel.swift */,
			);
			path = DataModel;
			sourceTree = "<group>";
		};
/* End PBXGroup section */

/* Begin PBXNativeTarget section */
		3FB95D802BD8CF2C00A26FD8 /* EzyFitness_Decoders */ = {
			isa = PBXNativeTarget;
			buildConfigurationList = 3FB95D952BD8CF2D00A26FD8 /* Build configuration list for PBXNativeTarget "EzyFitness_Decoders" */;
			buildPhases = (
				3FB95D7D2BD8CF2C00A26FD8 /* Sources */,
				3FB95D7E2BD8CF2C00A26FD8 /* Frameworks */,
				3FB95D7F2BD8CF2C00A26FD8 /* Resources */,
			);
			buildRules = (
			);
			dependencies = (
			);
			name = EzyFitness_Decoders;
			packageProductDependencies = (
				3FBD1AA22BE3915E0005C4BF /* CHTCollectionViewWaterfallLayout */,
				3F9CFFD42BE4DB2600D8EA8F /* FSCalendar */,
			);
			productName = EzyFitness_Decoders;
			productReference = 3FB95D812BD8CF2C00A26FD8 /* EzyFitness_Decoders.app */;
			productType = "com.apple.product-type.application";
		};
/* End PBXNativeTarget section */

/* Begin PBXProject section */
		3FB95D792BD8CF2C00A26FD8 /* Project object */ = {
			isa = PBXProject;
			attributes = {
				BuildIndependentTargetsInParallel = 1;
				LastSwiftUpdateCheck = 1530;
				LastUpgradeCheck = 1530;
				TargetAttributes = {
					3FB95D802BD8CF2C00A26FD8 = {
						CreatedOnToolsVersion = 15.3;
					};
				};
			};
			buildConfigurationList = 3FB95D7C2BD8CF2C00A26FD8 /* Build configuration list for PBXProject "EzyFitness_Decoders" */;
			compatibilityVersion = "Xcode 14.0";
			developmentRegion = en;
			hasScannedForEncodings = 0;
			knownRegions = (
				en,
				Base,
			);
			mainGroup = 3FB95D782BD8CF2C00A26FD8;
			packageReferences = (
				3FBD1AA12BE3915E0005C4BF /* XCRemoteSwiftPackageReference "CHTCollectionViewWaterfallLayout" */,
				3F9CFFD32BE4DB2600D8EA8F /* XCRemoteSwiftPackageReference "FSCalendar" */,
			);
			productRefGroup = 3FB95D822BD8CF2C00A26FD8 /* Products */;
			projectDirPath = "";
			projectRoot = "";
			targets = (
				3FB95D802BD8CF2C00A26FD8 /* EzyFitness_Decoders */,
			);
		};
/* End PBXProject section */

/* Begin PBXResourcesBuildPhase section */
		3FB95D7F2BD8CF2C00A26FD8 /* Resources */ = {
			isa = PBXResourcesBuildPhase;
			buildActionMask = 2147483647;
			files = (
				3F49101B2BE67A6A00722EF5 /* kneetochest.gif in Resources */,
				3F4910122BE67A6A00722EF5 /* pushup.gif in Resources */,
				3F4910142BE67A6A00722EF5 /* situp.gif in Resources */,
				3F0C49462BE0BEF40077FD8E /* strecth.gif in Resources */,
				3F49101A2BE67A6A00722EF5 /* legExtension.gif in Resources */,
				3F4910192BE67A6A00722EF5 /* neckRoll.gif in Resources */,
				3FFDC2552BED320C00E44DF0 /* ankleRotation.gif in Resources */,
				3F4910132BE67A6A00722EF5 /* shoulderStretch.gif in Resources */,
				3FB95D8E2BD8CF2D00A26FD8 /* Assets.xcassets in Resources */,
				3F4910112BE67A6A00722EF5 /* JumpingJacks.gif in Resources */,
				3F4910162BE67A6A00722EF5 /* Side squats .gif in Resources */,
				3F4910182BE67A6A00722EF5 /* mountainClimber.gif in Resources */,
				3FB95D912BD8CF2D00A26FD8 /* Base in Resources */,
				3FB95D8C2BD8CF2C00A26FD8 /* Base in Resources */,
				3F4910102BE67A6A00722EF5 /* Plank.jpeg in Resources */,
				3F4910152BE67A6A00722EF5 /* WallSit.gif in Resources */,
			);
			runOnlyForDeploymentPostprocessing = 0;
		};
/* End PBXResourcesBuildPhase section */

/* Begin PBXSourcesBuildPhase section */
		3FB95D7D2BD8CF2C00A26FD8 /* Sources */ = {
			isa = PBXSourcesBuildPhase;
			buildActionMask = 2147483647;
			files = (
				3FFDC2362BED274F00E44DF0 /* ExerciseViewController.swift in Sources */,
				3FB95D892BD8CF2C00A26FD8 /* ViewController.swift in Sources */,
				3F46FE722BEDDDD500A43156 /* ProgressViewController.swift in Sources */,
				3FFDC23E2BED28E700E44DF0 /* AnkleRotation.swift in Sources */,
				3F785B012BE2469100D11CFB /* LogInViewController.swift in Sources */,
				3FFDC23A2BED27E600E44DF0 /* UpperBodyTwist.swift in Sources */,
				3F4D5C102BDA0E7200C24681 /* ThirdViewController.swift in Sources */,
				3FDCA9FB2BE95DFF00624F17 /* Achievement.swift in Sources */,
				3FFDC2522BED2A2F00E44DF0 /* WallSit.swift in Sources */,
				3F0C49442BDFD6D40077FD8E /* ProfileViewController.swift in Sources */,
				3FFDC2422BED295500E44DF0 /* OverheadPress.swift in Sources */,
				3FBE62E62BDA551700A905C8 /* EzyFitnessDataModel.swift in Sources */,
				3FBE62EA2BDA9A8500A905C8 /* Activity_H_ViewController.swift in Sources */,
				3FBD1A9C2BE36D360005C4BF /* ShoulderStrechViewController.swift in Sources */,
				3F46FE762BEDEC8C00A43156 /* SecondViewController.swift in Sources */,
				3F7ED3CA2BE8A38D00E0EBC4 /* FitnessViewController.swift in Sources */,
				3FFDC2462BED296A00E44DF0 /* Butterfly.swift in Sources */,
				3FFDC2382BED27A000E44DF0 /* HamstringStrech.swift in Sources */,
				3F785AFF2BE2448A00D11CFB /* CreateAccountViewController.swift in Sources */,
				3F3E61262BE237D400AF6ABB /* DailyWorkoutViewController.swift in Sources */,
				3FFDC24C2BED29A800E44DF0 /* Sidesquats.swift in Sources */,
				3FFDC2402BED28EE00E44DF0 /* ToeLifts.swift in Sources */,
				3F60B6A82BEE187900C52BE7 /* ExerciseDetailViewController.swift in Sources */,
				3FB95D852BD8CF2C00A26FD8 /* AppDelegate.swift in Sources */,
				3FB95D872BD8CF2C00A26FD8 /* SceneDelegate.swift in Sources */,
				3F60B6A42BEE061F00C52BE7 /* MorningYoga_ViewController.swift in Sources */,
				3F0C49482BE0C0800077FD8E /* Exercise_8_ViewController.swift in Sources */,
				3FD0AF212BDF696900675235 /* firstViewController.swift in Sources */,
				3FFDC2502BED2A2A00E44DF0 /* Plank.swift in Sources */,
				3FFDC23C2BED28DE00E44DF0 /* NeckRoll.swift in Sources */,
				3FBD1A9A2BE36B6E0005C4BF /* ButtonCollectionViewCell1CollectionViewCell.swift in Sources */,
				3FDCA9FD2BEA3BDB00624F17 /* activity_vc.swift in Sources */,
				3FFDC2442BED296200E44DF0 /* MountainClimber.swift in Sources */,
				3F16E25C2BDB60830068A603 /* HomeViewController.swift in Sources */,
				3FFDC24A2BED29A200E44DF0 /* KneetoChest.swift in Sources */,
				3F7ED3C82BE89BE300E0EBC4 /* PlanViewController.swift in Sources */,
				3FA9A4942BE2124800680C3D /* FitnessVC.swift in Sources */,
				3FFDC24E2BED2A1800E44DF0 /* JumpingJacks.swift in Sources */,
				3FFDC2342BED20C400E44DF0 /* LegExtension.swift in Sources */,
				3F60B6AC2BEE2AA600C52BE7 /* tabBarControlller.swift in Sources */,
				3F46FE742BEDE52600A43156 /* PlanSectionViewController.swift in Sources */,
				3FFDC2482BED299900E44DF0 /* pushUp.swift in Sources */,
				3FDEE1232BEF2F87000CC5F8 /* OTPViewController.swift in Sources */,
				3F46FE702BEDD6B600A43156 /* StreakViewController.swift in Sources */,
				3FBD1AA02BE373930005C4BF /* SampleViewController.swift in Sources */,
				3F9CFFD72BE4DBFC00D8EA8F /* CalenderViewController.swift in Sources */,
			);
			runOnlyForDeploymentPostprocessing = 0;
		};
/* End PBXSourcesBuildPhase section */

/* Begin PBXVariantGroup section */
		3FB95D8A2BD8CF2C00A26FD8 /* Main.storyboard */ = {
			isa = PBXVariantGroup;
			children = (
				3FB95D8B2BD8CF2C00A26FD8 /* Base */,
			);
			name = Main.storyboard;
			sourceTree = "<group>";
		};
		3FB95D8F2BD8CF2D00A26FD8 /* LaunchScreen.storyboard */ = {
			isa = PBXVariantGroup;
			children = (
				3FB95D902BD8CF2D00A26FD8 /* Base */,
			);
			name = LaunchScreen.storyboard;
			sourceTree = "<group>";
		};
/* End PBXVariantGroup section */

/* Begin XCBuildConfiguration section */
		3FB95D932BD8CF2D00A26FD8 /* Debug */ = {
			isa = XCBuildConfiguration;
			buildSettings = {
				ALWAYS_SEARCH_USER_PATHS = NO;
				ASSETCATALOG_COMPILER_GENERATE_SWIFT_ASSET_SYMBOL_EXTENSIONS = YES;
				CLANG_ANALYZER_NONNULL = YES;
				CLANG_ANALYZER_NUMBER_OBJECT_CONVERSION = YES_AGGRESSIVE;
				CLANG_CXX_LANGUAGE_STANDARD = "gnu++20";
				CLANG_ENABLE_MODULES = YES;
				CLANG_ENABLE_OBJC_ARC = YES;
				CLANG_ENABLE_OBJC_WEAK = YES;
				CLANG_WARN_BLOCK_CAPTURE_AUTORELEASING = YES;
				CLANG_WARN_BOOL_CONVERSION = YES;
				CLANG_WARN_COMMA = YES;
				CLANG_WARN_CONSTANT_CONVERSION = YES;
				CLANG_WARN_DEPRECATED_OBJC_IMPLEMENTATIONS = YES;
				CLANG_WARN_DIRECT_OBJC_ISA_USAGE = YES_ERROR;
				CLANG_WARN_DOCUMENTATION_COMMENTS = YES;
				CLANG_WARN_EMPTY_BODY = YES;
				CLANG_WARN_ENUM_CONVERSION = YES;
				CLANG_WARN_INFINITE_RECURSION = YES;
				CLANG_WARN_INT_CONVERSION = YES;
				CLANG_WARN_NON_LITERAL_NULL_CONVERSION = YES;
				CLANG_WARN_OBJC_IMPLICIT_RETAIN_SELF = YES;
				CLANG_WARN_OBJC_LITERAL_CONVERSION = YES;
				CLANG_WARN_OBJC_ROOT_CLASS = YES_ERROR;
				CLANG_WARN_QUOTED_INCLUDE_IN_FRAMEWORK_HEADER = YES;
				CLANG_WARN_RANGE_LOOP_ANALYSIS = YES;
				CLANG_WARN_STRICT_PROTOTYPES = YES;
				CLANG_WARN_SUSPICIOUS_MOVE = YES;
				CLANG_WARN_UNGUARDED_AVAILABILITY = YES_AGGRESSIVE;
				CLANG_WARN_UNREACHABLE_CODE = YES;
				CLANG_WARN__DUPLICATE_METHOD_MATCH = YES;
				COPY_PHASE_STRIP = NO;
				DEBUG_INFORMATION_FORMAT = dwarf;
				ENABLE_STRICT_OBJC_MSGSEND = YES;
				ENABLE_TESTABILITY = YES;
				ENABLE_USER_SCRIPT_SANDBOXING = YES;
				GCC_C_LANGUAGE_STANDARD = gnu17;
				GCC_DYNAMIC_NO_PIC = NO;
				GCC_NO_COMMON_BLOCKS = YES;
				GCC_OPTIMIZATION_LEVEL = 0;
				GCC_PREPROCESSOR_DEFINITIONS = (
					"DEBUG=1",
					"$(inherited)",
				);
				GCC_WARN_64_TO_32_BIT_CONVERSION = YES;
				GCC_WARN_ABOUT_RETURN_TYPE = YES_ERROR;
				GCC_WARN_UNDECLARED_SELECTOR = YES;
				GCC_WARN_UNINITIALIZED_AUTOS = YES_AGGRESSIVE;
				GCC_WARN_UNUSED_FUNCTION = YES;
				GCC_WARN_UNUSED_VARIABLE = YES;
				IPHONEOS_DEPLOYMENT_TARGET = 17.4;
				LOCALIZATION_PREFERS_STRING_CATALOGS = YES;
				MTL_ENABLE_DEBUG_INFO = INCLUDE_SOURCE;
				MTL_FAST_MATH = YES;
				ONLY_ACTIVE_ARCH = YES;
				SDKROOT = iphoneos;
				SWIFT_ACTIVE_COMPILATION_CONDITIONS = "DEBUG $(inherited)";
				SWIFT_OPTIMIZATION_LEVEL = "-Onone";
			};
			name = Debug;
		};
		3FB95D942BD8CF2D00A26FD8 /* Release */ = {
			isa = XCBuildConfiguration;
			buildSettings = {
				ALWAYS_SEARCH_USER_PATHS = NO;
				ASSETCATALOG_COMPILER_GENERATE_SWIFT_ASSET_SYMBOL_EXTENSIONS = YES;
				CLANG_ANALYZER_NONNULL = YES;
				CLANG_ANALYZER_NUMBER_OBJECT_CONVERSION = YES_AGGRESSIVE;
				CLANG_CXX_LANGUAGE_STANDARD = "gnu++20";
				CLANG_ENABLE_MODULES = YES;
				CLANG_ENABLE_OBJC_ARC = YES;
				CLANG_ENABLE_OBJC_WEAK = YES;
				CLANG_WARN_BLOCK_CAPTURE_AUTORELEASING = YES;
				CLANG_WARN_BOOL_CONVERSION = YES;
				CLANG_WARN_COMMA = YES;
				CLANG_WARN_CONSTANT_CONVERSION = YES;
				CLANG_WARN_DEPRECATED_OBJC_IMPLEMENTATIONS = YES;
				CLANG_WARN_DIRECT_OBJC_ISA_USAGE = YES_ERROR;
				CLANG_WARN_DOCUMENTATION_COMMENTS = YES;
				CLANG_WARN_EMPTY_BODY = YES;
				CLANG_WARN_ENUM_CONVERSION = YES;
				CLANG_WARN_INFINITE_RECURSION = YES;
				CLANG_WARN_INT_CONVERSION = YES;
				CLANG_WARN_NON_LITERAL_NULL_CONVERSION = YES;
				CLANG_WARN_OBJC_IMPLICIT_RETAIN_SELF = YES;
				CLANG_WARN_OBJC_LITERAL_CONVERSION = YES;
				CLANG_WARN_OBJC_ROOT_CLASS = YES_ERROR;
				CLANG_WARN_QUOTED_INCLUDE_IN_FRAMEWORK_HEADER = YES;
				CLANG_WARN_RANGE_LOOP_ANALYSIS = YES;
				CLANG_WARN_STRICT_PROTOTYPES = YES;
				CLANG_WARN_SUSPICIOUS_MOVE = YES;
				CLANG_WARN_UNGUARDED_AVAILABILITY = YES_AGGRESSIVE;
				CLANG_WARN_UNREACHABLE_CODE = YES;
				CLANG_WARN__DUPLICATE_METHOD_MATCH = YES;
				COPY_PHASE_STRIP = NO;
				DEBUG_INFORMATION_FORMAT = "dwarf-with-dsym";
				ENABLE_NS_ASSERTIONS = NO;
				ENABLE_STRICT_OBJC_MSGSEND = YES;
				ENABLE_USER_SCRIPT_SANDBOXING = YES;
				GCC_C_LANGUAGE_STANDARD = gnu17;
				GCC_NO_COMMON_BLOCKS = YES;
				GCC_WARN_64_TO_32_BIT_CONVERSION = YES;
				GCC_WARN_ABOUT_RETURN_TYPE = YES_ERROR;
				GCC_WARN_UNDECLARED_SELECTOR = YES;
				GCC_WARN_UNINITIALIZED_AUTOS = YES_AGGRESSIVE;
				GCC_WARN_UNUSED_FUNCTION = YES;
				GCC_WARN_UNUSED_VARIABLE = YES;
				IPHONEOS_DEPLOYMENT_TARGET = 17.4;
				LOCALIZATION_PREFERS_STRING_CATALOGS = YES;
				MTL_ENABLE_DEBUG_INFO = NO;
				MTL_FAST_MATH = YES;
				SDKROOT = iphoneos;
				SWIFT_COMPILATION_MODE = wholemodule;
				VALIDATE_PRODUCT = YES;
			};
			name = Release;
		};
		3FB95D962BD8CF2D00A26FD8 /* Debug */ = {
			isa = XCBuildConfiguration;
			buildSettings = {
				ASSETCATALOG_COMPILER_APPICON_NAME = AppIcon;
				ASSETCATALOG_COMPILER_GLOBAL_ACCENT_COLOR_NAME = AccentColor;
				CODE_SIGN_STYLE = Automatic;
				CURRENT_PROJECT_VERSION = 1;
				DEVELOPMENT_TEAM = 774UF5A496;
				GENERATE_INFOPLIST_FILE = YES;
				INFOPLIST_FILE = EzyFitness_Decoders/Info.plist;
				INFOPLIST_KEY_UIApplicationSupportsIndirectInputEvents = YES;
				INFOPLIST_KEY_UILaunchStoryboardName = LaunchScreen;
				INFOPLIST_KEY_UIMainStoryboardFile = Main;
				INFOPLIST_KEY_UISupportedInterfaceOrientations_iPad = "UIInterfaceOrientationPortrait UIInterfaceOrientationPortraitUpsideDown UIInterfaceOrientationLandscapeLeft UIInterfaceOrientationLandscapeRight";
				INFOPLIST_KEY_UISupportedInterfaceOrientations_iPhone = "UIInterfaceOrientationPortrait UIInterfaceOrientationLandscapeLeft UIInterfaceOrientationLandscapeRight";
				LD_RUNPATH_SEARCH_PATHS = (
					"$(inherited)",
					"@executable_path/Frameworks",
				);
				MARKETING_VERSION = 1.0;
				PRODUCT_BUNDLE_IDENTIFIER = "x.EzyFitness-Decoders";
				PRODUCT_NAME = "$(TARGET_NAME)";
				SWIFT_EMIT_LOC_STRINGS = YES;
				SWIFT_VERSION = 5.0;
				TARGETED_DEVICE_FAMILY = "1,2";
			};
			name = Debug;
		};
		3FB95D972BD8CF2D00A26FD8 /* Release */ = {
			isa = XCBuildConfiguration;
			buildSettings = {
				ASSETCATALOG_COMPILER_APPICON_NAME = AppIcon;
				ASSETCATALOG_COMPILER_GLOBAL_ACCENT_COLOR_NAME = AccentColor;
				CODE_SIGN_STYLE = Automatic;
				CURRENT_PROJECT_VERSION = 1;
				DEVELOPMENT_TEAM = 774UF5A496;
				GENERATE_INFOPLIST_FILE = YES;
				INFOPLIST_FILE = EzyFitness_Decoders/Info.plist;
				INFOPLIST_KEY_UIApplicationSupportsIndirectInputEvents = YES;
				INFOPLIST_KEY_UILaunchStoryboardName = LaunchScreen;
				INFOPLIST_KEY_UIMainStoryboardFile = Main;
				INFOPLIST_KEY_UISupportedInterfaceOrientations_iPad = "UIInterfaceOrientationPortrait UIInterfaceOrientationPortraitUpsideDown UIInterfaceOrientationLandscapeLeft UIInterfaceOrientationLandscapeRight";
				INFOPLIST_KEY_UISupportedInterfaceOrientations_iPhone = "UIInterfaceOrientationPortrait UIInterfaceOrientationLandscapeLeft UIInterfaceOrientationLandscapeRight";
				LD_RUNPATH_SEARCH_PATHS = (
					"$(inherited)",
					"@executable_path/Frameworks",
				);
				MARKETING_VERSION = 1.0;
				PRODUCT_BUNDLE_IDENTIFIER = "x.EzyFitness-Decoders";
				PRODUCT_NAME = "$(TARGET_NAME)";
				SWIFT_EMIT_LOC_STRINGS = YES;
				SWIFT_VERSION = 5.0;
				TARGETED_DEVICE_FAMILY = "1,2";
			};
			name = Release;
		};
/* End XCBuildConfiguration section */

/* Begin XCConfigurationList section */
		3FB95D7C2BD8CF2C00A26FD8 /* Build configuration list for PBXProject "EzyFitness_Decoders" */ = {
			isa = XCConfigurationList;
			buildConfigurations = (
				3FB95D932BD8CF2D00A26FD8 /* Debug */,
				3FB95D942BD8CF2D00A26FD8 /* Release */,
			);
			defaultConfigurationIsVisible = 0;
			defaultConfigurationName = Release;
		};
		3FB95D952BD8CF2D00A26FD8 /* Build configuration list for PBXNativeTarget "EzyFitness_Decoders" */ = {
			isa = XCConfigurationList;
			buildConfigurations = (
				3FB95D962BD8CF2D00A26FD8 /* Debug */,
				3FB95D972BD8CF2D00A26FD8 /* Release */,
			);
			defaultConfigurationIsVisible = 0;
			defaultConfigurationName = Release;
		};
/* End XCConfigurationList section */

/* Begin XCRemoteSwiftPackageReference section */
		3F9CFFD32BE4DB2600D8EA8F /* XCRemoteSwiftPackageReference "FSCalendar" */ = {
			isa = XCRemoteSwiftPackageReference;
			repositoryURL = "https://github.com/WenchaoD/FSCalendar.git";
			requirement = {
				kind = upToNextMajorVersion;
				minimumVersion = 2.8.4;
			};
		};
		3FBD1AA12BE3915E0005C4BF /* XCRemoteSwiftPackageReference "CHTCollectionViewWaterfallLayout" */ = {
			isa = XCRemoteSwiftPackageReference;
			repositoryURL = "https://github.com/AfrazCodes/CHTCollectionViewWaterfallLayout";
			requirement = {
				kind = upToNextMajorVersion;
				minimumVersion = 0.9.8;
			};
		};
/* End XCRemoteSwiftPackageReference section */

/* Begin XCSwiftPackageProductDependency section */
		3F9CFFD42BE4DB2600D8EA8F /* FSCalendar */ = {
			isa = XCSwiftPackageProductDependency;
			package = 3F9CFFD32BE4DB2600D8EA8F /* XCRemoteSwiftPackageReference "FSCalendar" */;
			productName = FSCalendar;
		};
		3FBD1AA22BE3915E0005C4BF /* CHTCollectionViewWaterfallLayout */ = {
			isa = XCSwiftPackageProductDependency;
			package = 3FBD1AA12BE3915E0005C4BF /* XCRemoteSwiftPackageReference "CHTCollectionViewWaterfallLayout" */;
			productName = CHTCollectionViewWaterfallLayout;
		};
/* End XCSwiftPackageProductDependency section */
	};
	rootObject = 3FB95D792BD8CF2C00A26FD8 /* Project object */;
}
